
Microsoft Visual Studio Solution File, Format Version 12.00
# Visual Studio Version 17
VisualStudioVersion = 17.8.34511.84
MinimumVisualStudioVersion = 10.0.40219.1
Project("{9A19103F-16F7-4668-BE54-9A1E7A4F7556}") = "FastFoodWeb", "FastFoodWeb\FastFoodWeb.csproj", "{AAC15A6B-E1BA-45B6-BAA4-0A9CCC008FC0}"
EndProject
Project("{9A19103F-16F7-4668-BE54-9A1E7A4F7556}") = "FastFood.Models", "FastFood.Models\FastFood.Models.csproj", "{40B22B01-A1BF-4A42-91AD-F921AD3D67C6}"
EndProject
Project("{9A19103F-16F7-4668-BE54-9A1E7A4F7556}") = "FastFood.Repository", "FastFood.Repository\FastFood.Repository.csproj", "{0719910E-B680-48C5-8653-1387438B8163}"
EndProject
Project("{9A19103F-16F7-4668-BE54-9A1E7A4F7556}") = "FastFood.Services", "FastFood.Services\FastFood.Services.csproj", "{F4927F1C-2BCD-44A2-8E89-6D21854AC110}"
EndProject
Global
	GlobalSection(SolutionConfigurationPlatforms) = preSolution
		Debug|Any CPU = Debug|Any CPU
		Release|Any CPU = Release|Any CPU
	EndGlobalSection
	GlobalSection(ProjectConfigurationPlatforms) = postSolution
		{AAC15A6B-E1BA-45B6-BAA4-0A9CCC008FC0}.Debug|Any CPU.ActiveCfg = Debug|Any CPU
		{AAC15A6B-E1BA-45B6-BAA4-0A9CCC008FC0}.Debug|Any CPU.Build.0 = Debug|Any CPU
		{AAC15A6B-E1BA-45B6-BAA4-0A9CCC008FC0}.Release|Any CPU.ActiveCfg = Release|Any CPU
		{AAC15A6B-E1BA-45B6-BAA4-0A9CCC008FC0}.Release|Any CPU.Build.0 = Release|Any CPU
		{40B22B01-A1BF-4A42-91AD-F921AD3D67C6}.Debug|Any CPU.ActiveCfg = Debug|Any CPU
		{40B22B01-A1BF-4A42-91AD-F921AD3D67C6}.Debug|Any CPU.Build.0 = Debug|Any CPU
		{40B22B01-A1BF-4A42-91AD-F921AD3D67C6}.Release|Any CPU.ActiveCfg = Release|Any CPU
		{40B22B01-A1BF-4A42-91AD-F921AD3D67C6}.Release|Any CPU.Build.0 = Release|Any CPU
		{0719910E-B680-48C5-8653-1387438B8163}.Debug|Any CPU.ActiveCfg = Debug|Any CPU
		{0719910E-B680-48C5-8653-1387438B8163}.Debug|Any CPU.Build.0 = Debug|Any CPU
		{0719910E-B680-48C5-8653-1387438B8163}.Release|Any CPU.ActiveCfg = Release|Any CPU
		{0719910E-B680-48C5-8653-1387438B8163}.Release|Any CPU.Build.0 = Release|Any CPU
		{F4927F1C-2BCD-44A2-8E89-6D21854AC110}.Debug|Any CPU.ActiveCfg = Debug|Any CPU
		{F4927F1C-2BCD-44A2-8E89-6D21854AC110}.Debug|Any CPU.Build.0 = Debug|Any CPU
		{F4927F1C-2BCD-44A2-8E89-6D21854AC110}.Release|Any CPU.ActiveCfg = Release|Any CPU
		{F4927F1C-2BCD-44A2-8E89-6D21854AC110}.Release|Any CPU.Build.0 = Release|Any CPU
	EndGlobalSection
	GlobalSection(SolutionProperties) = preSolution
		HideSolutionNode = FALSE
	EndGlobalSection
	GlobalSection(ExtensibilityGlobals) = postSolution
		SolutionGuid = {351C9629-6912-4F6E-88B1-19849D4CBD93}
	EndGlobalSection
EndGlobal
